{
  "name": "photon_title",
  "version": "1.0.0",
  "lockfileVersion": 2,
  "requires": true,
  "packages": {
    "": {
      "version": "1.0.0",
      "license": "ISC",
      "dependencies": {
        "@actions/core": "^1.5.0",
        "semver-parser": "^3.1.1"
      }
    },
    "node_modules/@actions/core": {
      "version": "1.5.0",
      "resolved": "https://registry.npmjs.org/@actions/core/-/core-1.5.0.tgz",
      "integrity": "sha512-eDOLH1Nq9zh+PJlYLqEMkS/jLQxhksPNmUGNBHfa4G+tQmnIhzpctxmchETtVGyBOvXgOVVpYuE40+eS4cUnwQ=="
    },
    "node_modules/semver-parser": {
      "version": "3.1.1",
      "resolved": "https://registry.npmjs.org/semver-parser/-/semver-parser-3.1.1.tgz",
      "integrity": "sha512-+XvH3KgV9hfvRBqPN4Q1DWh1thoMFiKW8/5juCA4IqtQYvnJPURvtrJko+PoUT71oC2Xb7wObGk4dWKTwS45UQ=="
    }
  },
  "dependencies": {
    "@actions/core": {
      "version": "1.5.0",
      "resolved": "https://registry.npmjs.org/@actions/core/-/core-1.5.0.tgz",
      "integrity": "sha512-eDOLH1Nq9zh+PJlYLqEMkS/jLQxhksPNmUGNBHfa4G+tQmnIhzpctxmchETtVGyBOvXgOVVpYuE40+eS4cUnwQ=="
    },
    "semver-parser": {
      "version": "3.1.1",
      "resolved": "https://registry.npmjs.org/semver-parser/-/semver-parser-3.1.1.tgz",
      "integrity": "sha512-+XvH3KgV9hfvRBqPN4Q1DWh1thoMFiKW8/5juCA4IqtQYvnJPURvtrJko+PoUT71oC2Xb7wObGk4dWKTwS45UQ=="
    }
  }
}
